
Microsoft Visual Studio Solution File, Format Version 12.00
# Visual Studio 15
VisualStudioVersion = 15.0.27004.2008
MinimumVisualStudioVersion = 10.0.40219.1
Project("{FAE04EC0-301F-11D3-BF4B-00C04F79EFBC}") = "LiteSchool.Core", "LiteSchool.Core\LiteSchool.Core.csproj", "{353439D8-E2F9-4E10-A524-A3C3C9A5E2FE}"
	ProjectSection(ProjectDependencies) = postProject
		{0591846C-6161-43EC-8F2E-57E94A80BB50} = {0591846C-6161-43EC-8F2E-57E94A80BB50}
		{1C60C4C9-172A-468D-AC11-5E63A73AEED3} = {1C60C4C9-172A-468D-AC11-5E63A73AEED3}
	EndProjectSection
EndProject
Project("{2150E333-8FDC-42A3-9474-1A3956D46DE8}") = "UI", "UI", "{F4557367-CD1E-463A-9461-AC8907CDA6A1}"
EndProject
Project("{2150E333-8FDC-42A3-9474-1A3956D46DE8}") = "Application", "Application", "{53CEF2F0-C3EF-45A8-8F67-BCBEBCE7C909}"
EndProject
Project("{2150E333-8FDC-42A3-9474-1A3956D46DE8}") = "Infrastructure", "Infrastructure", "{94E6972F-B451-419F-8B71-DD1EB7904C77}"
EndProject
Project("{2150E333-8FDC-42A3-9474-1A3956D46DE8}") = "Domain", "Domain", "{9CF3482D-808D-4122-9365-B562F54CD8D1}"
EndProject
Project("{FAE04EC0-301F-11D3-BF4B-00C04F79EFBC}") = "LiteSchool.Model", "LiteSchool.Model\LiteSchool.Model.csproj", "{1C60C4C9-172A-468D-AC11-5E63A73AEED3}"
	ProjectSection(ProjectDependencies) = postProject
		{0591846C-6161-43EC-8F2E-57E94A80BB50} = {0591846C-6161-43EC-8F2E-57E94A80BB50}
	EndProjectSection
EndProject
Project("{FAE04EC0-301F-11D3-BF4B-00C04F79EFBC}") = "LiteSchool.Library", "LiteSchool.Library\LiteSchool.Library.csproj", "{0591846C-6161-43EC-8F2E-57E94A80BB50}"
EndProject
Project("{FAE04EC0-301F-11D3-BF4B-00C04F79EFBC}") = "LiteSchool.Repositories", "LiteSchool.Repositories\LiteSchool.Repositories.csproj", "{F46B69F7-8855-47C1-9984-5DBB225AD5FF}"
	ProjectSection(ProjectDependencies) = postProject
		{0591846C-6161-43EC-8F2E-57E94A80BB50} = {0591846C-6161-43EC-8F2E-57E94A80BB50}
		{1C60C4C9-172A-468D-AC11-5E63A73AEED3} = {1C60C4C9-172A-468D-AC11-5E63A73AEED3}
		{353439D8-E2F9-4E10-A524-A3C3C9A5E2FE} = {353439D8-E2F9-4E10-A524-A3C3C9A5E2FE}
	EndProjectSection
EndProject
Project("{FAE04EC0-301F-11D3-BF4B-00C04F79EFBC}") = "LiteSchool.Services", "LiteSchool.Services\LiteSchool.Services.csproj", "{DC5D14E0-6C2E-49DD-9DF6-84CF507CC2D0}"
	ProjectSection(ProjectDependencies) = postProject
		{0591846C-6161-43EC-8F2E-57E94A80BB50} = {0591846C-6161-43EC-8F2E-57E94A80BB50}
		{1C60C4C9-172A-468D-AC11-5E63A73AEED3} = {1C60C4C9-172A-468D-AC11-5E63A73AEED3}
		{353439D8-E2F9-4E10-A524-A3C3C9A5E2FE} = {353439D8-E2F9-4E10-A524-A3C3C9A5E2FE}
		{F46B69F7-8855-47C1-9984-5DBB225AD5FF} = {F46B69F7-8855-47C1-9984-5DBB225AD5FF}
	EndProjectSection
EndProject
Project("{FAE04EC0-301F-11D3-BF4B-00C04F79EFBC}") = "LiteSchool.Front", "LiteSchool.Front\LiteSchool.Front.csproj", "{012DF9A3-A5C3-4101-AD15-6167245697A0}"
	ProjectSection(ProjectDependencies) = postProject
		{0591846C-6161-43EC-8F2E-57E94A80BB50} = {0591846C-6161-43EC-8F2E-57E94A80BB50}
		{358A9B7C-E28E-45A9-8943-4F8BE05F457D} = {358A9B7C-E28E-45A9-8943-4F8BE05F457D}
		{1C60C4C9-172A-468D-AC11-5E63A73AEED3} = {1C60C4C9-172A-468D-AC11-5E63A73AEED3}
		{B0A142D3-387F-42CB-990F-744A6261F15E} = {B0A142D3-387F-42CB-990F-744A6261F15E}
		{353439D8-E2F9-4E10-A524-A3C3C9A5E2FE} = {353439D8-E2F9-4E10-A524-A3C3C9A5E2FE}
		{DC5D14E0-6C2E-49DD-9DF6-84CF507CC2D0} = {DC5D14E0-6C2E-49DD-9DF6-84CF507CC2D0}
		{F46B69F7-8855-47C1-9984-5DBB225AD5FF} = {F46B69F7-8855-47C1-9984-5DBB225AD5FF}
	EndProjectSection
EndProject
Project("{FAE04EC0-301F-11D3-BF4B-00C04F79EFBC}") = "LiteSchool.API", "LiteSchool.API\LiteSchool.API.csproj", "{DC970D19-33CE-44F8-809C-EF375DD85989}"
EndProject
Project("{FAE04EC0-301F-11D3-BF4B-00C04F79EFBC}") = "LiteSchool.API.Tests", "LiteSchool.API.Tests\LiteSchool.API.Tests.csproj", "{D62D5280-F693-41DA-830E-EA26A0AE62CB}"
EndProject
Project("{FAE04EC0-301F-11D3-BF4B-00C04F79EFBC}") = "LiteSchool.Assembler", "LiteSchool.Assembler\LiteSchool.Assembler.csproj", "{B0A142D3-387F-42CB-990F-744A6261F15E}"
	ProjectSection(ProjectDependencies) = postProject
		{0591846C-6161-43EC-8F2E-57E94A80BB50} = {0591846C-6161-43EC-8F2E-57E94A80BB50}
		{358A9B7C-E28E-45A9-8943-4F8BE05F457D} = {358A9B7C-E28E-45A9-8943-4F8BE05F457D}
		{1C60C4C9-172A-468D-AC11-5E63A73AEED3} = {1C60C4C9-172A-468D-AC11-5E63A73AEED3}
		{353439D8-E2F9-4E10-A524-A3C3C9A5E2FE} = {353439D8-E2F9-4E10-A524-A3C3C9A5E2FE}
		{DC5D14E0-6C2E-49DD-9DF6-84CF507CC2D0} = {DC5D14E0-6C2E-49DD-9DF6-84CF507CC2D0}
		{F46B69F7-8855-47C1-9984-5DBB225AD5FF} = {F46B69F7-8855-47C1-9984-5DBB225AD5FF}
	EndProjectSection
EndProject
Project("{FAE04EC0-301F-11D3-BF4B-00C04F79EFBC}") = "LiteSchool.Presentation", "LiteSchool.Presentation\LiteSchool.Presentation.csproj", "{358A9B7C-E28E-45A9-8943-4F8BE05F457D}"
	ProjectSection(ProjectDependencies) = postProject
		{0591846C-6161-43EC-8F2E-57E94A80BB50} = {0591846C-6161-43EC-8F2E-57E94A80BB50}
		{1C60C4C9-172A-468D-AC11-5E63A73AEED3} = {1C60C4C9-172A-468D-AC11-5E63A73AEED3}
		{353439D8-E2F9-4E10-A524-A3C3C9A5E2FE} = {353439D8-E2F9-4E10-A524-A3C3C9A5E2FE}
	EndProjectSection
EndProject
Project("{FAE04EC0-301F-11D3-BF4B-00C04F79EFBC}") = "LiteSchool.Repository.Tests", "LiteSchool.Repository.Tests\LiteSchool.Repository.Tests.csproj", "{EF07C467-5037-4D06-974A-EC0B5B3145E4}"
EndProject
Global
	GlobalSection(SolutionConfigurationPlatforms) = preSolution
		Debug|Any CPU = Debug|Any CPU
		Release|Any CPU = Release|Any CPU
	EndGlobalSection
	GlobalSection(ProjectConfigurationPlatforms) = postSolution
		{353439D8-E2F9-4E10-A524-A3C3C9A5E2FE}.Debug|Any CPU.ActiveCfg = Debug|Any CPU
		{353439D8-E2F9-4E10-A524-A3C3C9A5E2FE}.Debug|Any CPU.Build.0 = Debug|Any CPU
		{353439D8-E2F9-4E10-A524-A3C3C9A5E2FE}.Release|Any CPU.ActiveCfg = Release|Any CPU
		{353439D8-E2F9-4E10-A524-A3C3C9A5E2FE}.Release|Any CPU.Build.0 = Release|Any CPU
		{1C60C4C9-172A-468D-AC11-5E63A73AEED3}.Debug|Any CPU.ActiveCfg = Debug|Any CPU
		{1C60C4C9-172A-468D-AC11-5E63A73AEED3}.Debug|Any CPU.Build.0 = Debug|Any CPU
		{1C60C4C9-172A-468D-AC11-5E63A73AEED3}.Release|Any CPU.ActiveCfg = Release|Any CPU
		{1C60C4C9-172A-468D-AC11-5E63A73AEED3}.Release|Any CPU.Build.0 = Release|Any CPU
		{0591846C-6161-43EC-8F2E-57E94A80BB50}.Debug|Any CPU.ActiveCfg = Debug|Any CPU
		{0591846C-6161-43EC-8F2E-57E94A80BB50}.Debug|Any CPU.Build.0 = Debug|Any CPU
		{0591846C-6161-43EC-8F2E-57E94A80BB50}.Release|Any CPU.ActiveCfg = Release|Any CPU
		{0591846C-6161-43EC-8F2E-57E94A80BB50}.Release|Any CPU.Build.0 = Release|Any CPU
		{F46B69F7-8855-47C1-9984-5DBB225AD5FF}.Debug|Any CPU.ActiveCfg = Debug|Any CPU
		{F46B69F7-8855-47C1-9984-5DBB225AD5FF}.Debug|Any CPU.Build.0 = Debug|Any CPU
		{F46B69F7-8855-47C1-9984-5DBB225AD5FF}.Release|Any CPU.ActiveCfg = Release|Any CPU
		{F46B69F7-8855-47C1-9984-5DBB225AD5FF}.Release|Any CPU.Build.0 = Release|Any CPU
		{DC5D14E0-6C2E-49DD-9DF6-84CF507CC2D0}.Debug|Any CPU.ActiveCfg = Debug|Any CPU
		{DC5D14E0-6C2E-49DD-9DF6-84CF507CC2D0}.Debug|Any CPU.Build.0 = Debug|Any CPU
		{DC5D14E0-6C2E-49DD-9DF6-84CF507CC2D0}.Release|Any CPU.ActiveCfg = Release|Any CPU
		{DC5D14E0-6C2E-49DD-9DF6-84CF507CC2D0}.Release|Any CPU.Build.0 = Release|Any CPU
		{012DF9A3-A5C3-4101-AD15-6167245697A0}.Debug|Any CPU.ActiveCfg = Debug|Any CPU
		{012DF9A3-A5C3-4101-AD15-6167245697A0}.Debug|Any CPU.Build.0 = Debug|Any CPU
		{012DF9A3-A5C3-4101-AD15-6167245697A0}.Release|Any CPU.ActiveCfg = Release|Any CPU
		{012DF9A3-A5C3-4101-AD15-6167245697A0}.Release|Any CPU.Build.0 = Release|Any CPU
		{DC970D19-33CE-44F8-809C-EF375DD85989}.Debug|Any CPU.ActiveCfg = Debug|Any CPU
		{DC970D19-33CE-44F8-809C-EF375DD85989}.Debug|Any CPU.Build.0 = Debug|Any CPU
		{DC970D19-33CE-44F8-809C-EF375DD85989}.Release|Any CPU.ActiveCfg = Release|Any CPU
		{DC970D19-33CE-44F8-809C-EF375DD85989}.Release|Any CPU.Build.0 = Release|Any CPU
		{D62D5280-F693-41DA-830E-EA26A0AE62CB}.Debug|Any CPU.ActiveCfg = Debug|Any CPU
		{D62D5280-F693-41DA-830E-EA26A0AE62CB}.Debug|Any CPU.Build.0 = Debug|Any CPU
		{D62D5280-F693-41DA-830E-EA26A0AE62CB}.Release|Any CPU.ActiveCfg = Release|Any CPU
		{D62D5280-F693-41DA-830E-EA26A0AE62CB}.Release|Any CPU.Build.0 = Release|Any CPU
		{B0A142D3-387F-42CB-990F-744A6261F15E}.Debug|Any CPU.ActiveCfg = Debug|Any CPU
		{B0A142D3-387F-42CB-990F-744A6261F15E}.Debug|Any CPU.Build.0 = Debug|Any CPU
		{B0A142D3-387F-42CB-990F-744A6261F15E}.Release|Any CPU.ActiveCfg = Release|Any CPU
		{B0A142D3-387F-42CB-990F-744A6261F15E}.Release|Any CPU.Build.0 = Release|Any CPU
		{358A9B7C-E28E-45A9-8943-4F8BE05F457D}.Debug|Any CPU.ActiveCfg = Debug|Any CPU
		{358A9B7C-E28E-45A9-8943-4F8BE05F457D}.Debug|Any CPU.Build.0 = Debug|Any CPU
		{358A9B7C-E28E-45A9-8943-4F8BE05F457D}.Release|Any CPU.ActiveCfg = Release|Any CPU
		{358A9B7C-E28E-45A9-8943-4F8BE05F457D}.Release|Any CPU.Build.0 = Release|Any CPU
		{EF07C467-5037-4D06-974A-EC0B5B3145E4}.Debug|Any CPU.ActiveCfg = Debug|Any CPU
		{EF07C467-5037-4D06-974A-EC0B5B3145E4}.Debug|Any CPU.Build.0 = Debug|Any CPU
		{EF07C467-5037-4D06-974A-EC0B5B3145E4}.Release|Any CPU.ActiveCfg = Release|Any CPU
		{EF07C467-5037-4D06-974A-EC0B5B3145E4}.Release|Any CPU.Build.0 = Release|Any CPU
	EndGlobalSection
	GlobalSection(SolutionProperties) = preSolution
		HideSolutionNode = FALSE
	EndGlobalSection
	GlobalSection(NestedProjects) = preSolution
		{353439D8-E2F9-4E10-A524-A3C3C9A5E2FE} = {94E6972F-B451-419F-8B71-DD1EB7904C77}
		{1C60C4C9-172A-468D-AC11-5E63A73AEED3} = {53CEF2F0-C3EF-45A8-8F67-BCBEBCE7C909}
		{0591846C-6161-43EC-8F2E-57E94A80BB50} = {94E6972F-B451-419F-8B71-DD1EB7904C77}
		{F46B69F7-8855-47C1-9984-5DBB225AD5FF} = {94E6972F-B451-419F-8B71-DD1EB7904C77}
		{DC5D14E0-6C2E-49DD-9DF6-84CF507CC2D0} = {9CF3482D-808D-4122-9365-B562F54CD8D1}
		{012DF9A3-A5C3-4101-AD15-6167245697A0} = {F4557367-CD1E-463A-9461-AC8907CDA6A1}
		{DC970D19-33CE-44F8-809C-EF375DD85989} = {F4557367-CD1E-463A-9461-AC8907CDA6A1}
		{D62D5280-F693-41DA-830E-EA26A0AE62CB} = {F4557367-CD1E-463A-9461-AC8907CDA6A1}
		{B0A142D3-387F-42CB-990F-744A6261F15E} = {94E6972F-B451-419F-8B71-DD1EB7904C77}
		{358A9B7C-E28E-45A9-8943-4F8BE05F457D} = {F4557367-CD1E-463A-9461-AC8907CDA6A1}
		{EF07C467-5037-4D06-974A-EC0B5B3145E4} = {94E6972F-B451-419F-8B71-DD1EB7904C77}
	EndGlobalSection
	GlobalSection(ExtensibilityGlobals) = postSolution
		SolutionGuid = {46AB6DA1-3639-4A36-A740-348F4791838A}
		EnterpriseLibraryConfigurationToolBinariesPathV6 = packages\EnterpriseLibrary.Common.6.0.1304.0\lib\NET45;packages\EnterpriseLibrary.ExceptionHandling.6.0.1304.0\lib\NET45
	EndGlobalSection
EndGlobal
